// !$*UTF8*$!
{
	archiveVersion = 1;
	classes = {
	};
	objectVersion = 46;
	objects = {

/* Begin PBXBuildFile section */
		010B345A1AA93347006C1785 /* Sound.swift in Sources */ = {isa = PBXBuildFile; fileRef = 010B34591AA93347006C1785 /* Sound.swift */; };
		010D45831AA3C8FE00242FC6 /* ListViewController.swift in Sources */ = {isa = PBXBuildFile; fileRef = 010D45821AA3C8FE00242FC6 /* ListViewController.swift */; };
		0171CA9F1AACE71400972B95 /* CoreGraphics.framework in Frameworks */ = {isa = PBXBuildFile; fileRef = 0171CA9E1AACE71400972B95 /* CoreGraphics.framework */; };
		017FB1B51AA2AFF2009E3B3A /* ZoomViewController.swift in Sources */ = {isa = PBXBuildFile; fileRef = 017FB1B41AA2AFF2009E3B3A /* ZoomViewController.swift */; };
		0185EF511AA2914100554DC2 /* AppDelegate.swift in Sources */ = {isa = PBXBuildFile; fileRef = 0185EF501AA2914100554DC2 /* AppDelegate.swift */; };
		0185EF541AA2914100554DC2 /* Colortune.xcdatamodeld in Sources */ = {isa = PBXBuildFile; fileRef = 0185EF521AA2914100554DC2 /* Colortune.xcdatamodeld */; };
		0185EF561AA2914100554DC2 /* ColorTuneViewController.swift in Sources */ = {isa = PBXBuildFile; fileRef = 0185EF551AA2914100554DC2 /* ColorTuneViewController.swift */; };
		0185EF5B1AA2914100554DC2 /* Images.xcassets in Resources */ = {isa = PBXBuildFile; fileRef = 0185EF5A1AA2914100554DC2 /* Images.xcassets */; };
		0185EF5E1AA2914100554DC2 /* LaunchScreen.xib in Resources */ = {isa = PBXBuildFile; fileRef = 0185EF5C1AA2914100554DC2 /* LaunchScreen.xib */; };
		0185EF6A1AA2914100554DC2 /* ColortuneTests.swift in Sources */ = {isa = PBXBuildFile; fileRef = 0185EF691AA2914100554DC2 /* ColortuneTests.swift */; };
		0185EF741AA295FE00554DC2 /* Pattern.swift in Sources */ = {isa = PBXBuildFile; fileRef = 0185EF731AA295FE00554DC2 /* Pattern.swift */; };
		0185EF7A1AA2A46700554DC2 /* colortuneDetailViewController.swift in Sources */ = {isa = PBXBuildFile; fileRef = 0185EF791AA2A46700554DC2 /* colortuneDetailViewController.swift */; };
		018FC9F31AB3C8CA00A5C9C1 /* UIImageExtension.swift in Sources */ = {isa = PBXBuildFile; fileRef = 018FC9F21AB3C8CA00A5C9C1 /* UIImageExtension.swift */; };
		018FCA191AB3E0FF00A5C9C1 /* red.mp3 in Resources */ = {isa = PBXBuildFile; fileRef = 018FCA181AB3E0FF00A5C9C1 /* red.mp3 */; };
		018FCA1B1AB3E13200A5C9C1 /* blueFlute.mp3 in Resources */ = {isa = PBXBuildFile; fileRef = 018FCA1A1AB3E13200A5C9C1 /* blueFlute.mp3 */; };
		018FCA1D1AB3E14600A5C9C1 /* green.mp3 in Resources */ = {isa = PBXBuildFile; fileRef = 018FCA1C1AB3E14600A5C9C1 /* green.mp3 */; };
		018FCA251AB3E88100A5C9C1 /* CHANGELOG.txt in Resources */ = {isa = PBXBuildFile; fileRef = 018FCA1F1AB3E88100A5C9C1 /* CHANGELOG.txt */; };
		018FCA261AB3E88100A5C9C1 /* Full Orchestra.mscz in Resources */ = {isa = PBXBuildFile; fileRef = 018FCA201AB3E88100A5C9C1 /* Full Orchestra.mscz */; };
		018FCA271AB3E88100A5C9C1 /* GeneralUser GS MuseScore v1.442.sf2 in Resources */ = {isa = PBXBuildFile; fileRef = 018FCA211AB3E88100A5C9C1 /* GeneralUser GS MuseScore v1.442.sf2 */; };
		018FCA281AB3E88100A5C9C1 /* GeneralUser Orchestral Example.mscz in Resources */ = {isa = PBXBuildFile; fileRef = 018FCA221AB3E88100A5C9C1 /* GeneralUser Orchestral Example.mscz */; };
		018FCA291AB3E88100A5C9C1 /* LICENSE.txt in Resources */ = {isa = PBXBuildFile; fileRef = 018FCA231AB3E88100A5C9C1 /* LICENSE.txt */; };
		018FCA2A1AB3E88100A5C9C1 /* README.txt in Resources */ = {isa = PBXBuildFile; fileRef = 018FCA241AB3E88100A5C9C1 /* README.txt */; };
		018FCA2C1AB6239800A5C9C1 /* silence.mp3 in Resources */ = {isa = PBXBuildFile; fileRef = 018FCA2B1AB6239800A5C9C1 /* silence.mp3 */; };
		01967FE31AAEADBA001BADFF /* topicDetailViewController.swift in Sources */ = {isa = PBXBuildFile; fileRef = 01967FE21AAEADB9001BADFF /* topicDetailViewController.swift */; };
		01C5A0A41AA383FE00243C79 /* MakeColortuneViewController.swift in Sources */ = {isa = PBXBuildFile; fileRef = 01C5A0A31AA383FE00243C79 /* MakeColortuneViewController.swift */; };
		01C5A0A61AA3917000243C79 /* Main.storyboard in Resources */ = {isa = PBXBuildFile; fileRef = 01C5A0A51AA3917000243C79 /* Main.storyboard */; };
		01C5A0A81AA3B35C00243C79 /* ChooseViewController.swift in Sources */ = {isa = PBXBuildFile; fileRef = 01C5A0A71AA3B35C00243C79 /* ChooseViewController.swift */; };
		01E882B91ABCB9A000AFF599 /* SoundGenerator.swift in Sources */ = {isa = PBXBuildFile; fileRef = 01E882B81ABCB9A000AFF599 /* SoundGenerator.swift */; };
/* End PBXBuildFile section */

/* Begin PBXContainerItemProxy section */
		0185EF641AA2914100554DC2 /* PBXContainerItemProxy */ = {
			isa = PBXContainerItemProxy;
			containerPortal = 0185EF431AA2914100554DC2 /* Project object */;
			proxyType = 1;
			remoteGlobalIDString = 0185EF4A1AA2914100554DC2;
			remoteInfo = Colortune;
		};
/* End PBXContainerItemProxy section */

/* Begin PBXFileReference section */
		010B34591AA93347006C1785 /* Sound.swift */ = {isa = PBXFileReference; fileEncoding = 4; lastKnownFileType = sourcecode.swift; path = Sound.swift; sourceTree = "<group>"; };
		010D45821AA3C8FE00242FC6 /* ListViewController.swift */ = {isa = PBXFileReference; fileEncoding = 4; lastKnownFileType = sourcecode.swift; path = ListViewController.swift; sourceTree = "<group>"; };
		0171CA9E1AACE71400972B95 /* CoreGraphics.framework */ = {isa = PBXFileReference; lastKnownFileType = wrapper.framework; name = CoreGraphics.framework; path = System/Library/Frameworks/CoreGraphics.framework; sourceTree = SDKROOT; };
		017FB1B41AA2AFF2009E3B3A /* ZoomViewController.swift */ = {isa = PBXFileReference; fileEncoding = 4; lastKnownFileType = sourcecode.swift; path = ZoomViewController.swift; sourceTree = "<group>"; };
		0185EF4B1AA2914100554DC2 /* Colortune.app */ = {isa = PBXFileReference; explicitFileType = wrapper.application; includeInIndex = 0; path = Colortune.app; sourceTree = BUILT_PRODUCTS_DIR; };
		0185EF4F1AA2914100554DC2 /* Info.plist */ = {isa = PBXFileReference; lastKnownFileType = text.plist.xml; path = Info.plist; sourceTree = "<group>"; };
		0185EF501AA2914100554DC2 /* AppDelegate.swift */ = {isa = PBXFileReference; lastKnownFileType = sourcecode.swift; path = AppDelegate.swift; sourceTree = "<group>"; };
		0185EF531AA2914100554DC2 /* Colortune.xcdatamodel */ = {isa = PBXFileReference; lastKnownFileType = wrapper.xcdatamodel; path = Colortune.xcdatamodel; sourceTree = "<group>"; };
		0185EF551AA2914100554DC2 /* ColorTuneViewController.swift */ = {isa = PBXFileReference; lastKnownFileType = sourcecode.swift; path = ColorTuneViewController.swift; sourceTree = "<group>"; };
		0185EF5A1AA2914100554DC2 /* Images.xcassets */ = {isa = PBXFileReference; lastKnownFileType = folder.assetcatalog; path = Images.xcassets; sourceTree = "<group>"; };
		0185EF5D1AA2914100554DC2 /* Base */ = {isa = PBXFileReference; lastKnownFileType = file.xib; name = Base; path = Base.lproj/LaunchScreen.xib; sourceTree = "<group>"; };
		0185EF631AA2914100554DC2 /* ColortuneTests.xctest */ = {isa = PBXFileReference; explicitFileType = wrapper.cfbundle; includeInIndex = 0; path = ColortuneTests.xctest; sourceTree = BUILT_PRODUCTS_DIR; };
		0185EF681AA2914100554DC2 /* Info.plist */ = {isa = PBXFileReference; lastKnownFileType = text.plist.xml; path = Info.plist; sourceTree = "<group>"; };
		0185EF691AA2914100554DC2 /* ColortuneTests.swift */ = {isa = PBXFileReference; lastKnownFileType = sourcecode.swift; path = ColortuneTests.swift; sourceTree = "<group>"; };
		0185EF731AA295FE00554DC2 /* Pattern.swift */ = {isa = PBXFileReference; fileEncoding = 4; lastKnownFileType = sourcecode.swift; path = Pattern.swift; sourceTree = "<group>"; };
		0185EF791AA2A46700554DC2 /* colortuneDetailViewController.swift */ = {isa = PBXFileReference; fileEncoding = 4; lastKnownFileType = sourcecode.swift; path = colortuneDetailViewController.swift; sourceTree = "<group>"; };
		018FC9F21AB3C8CA00A5C9C1 /* UIImageExtension.swift */ = {isa = PBXFileReference; fileEncoding = 4; lastKnownFileType = sourcecode.swift; path = UIImageExtension.swift; sourceTree = "<group>"; };
		018FCA181AB3E0FF00A5C9C1 /* red.mp3 */ = {isa = PBXFileReference; lastKnownFileType = audio.mp3; path = red.mp3; sourceTree = "<group>"; };
		018FCA1A1AB3E13200A5C9C1 /* blueFlute.mp3 */ = {isa = PBXFileReference; lastKnownFileType = audio.mp3; path = blueFlute.mp3; sourceTree = "<group>"; };
		018FCA1C1AB3E14600A5C9C1 /* green.mp3 */ = {isa = PBXFileReference; lastKnownFileType = audio.mp3; path = green.mp3; sourceTree = "<group>"; };
		018FCA1F1AB3E88100A5C9C1 /* CHANGELOG.txt */ = {isa = PBXFileReference; fileEncoding = 4; lastKnownFileType = text; path = CHANGELOG.txt; sourceTree = "<group>"; };
		018FCA201AB3E88100A5C9C1 /* Full Orchestra.mscz */ = {isa = PBXFileReference; lastKnownFileType = file; path = "Full Orchestra.mscz"; sourceTree = "<group>"; };
		018FCA211AB3E88100A5C9C1 /* GeneralUser GS MuseScore v1.442.sf2 */ = {isa = PBXFileReference; lastKnownFileType = file; path = "GeneralUser GS MuseScore v1.442.sf2"; sourceTree = "<group>"; };
		018FCA221AB3E88100A5C9C1 /* GeneralUser Orchestral Example.mscz */ = {isa = PBXFileReference; lastKnownFileType = file; path = "GeneralUser Orchestral Example.mscz"; sourceTree = "<group>"; };
		018FCA231AB3E88100A5C9C1 /* LICENSE.txt */ = {isa = PBXFileReference; fileEncoding = 4; lastKnownFileType = text; path = LICENSE.txt; sourceTree = "<group>"; };
		018FCA241AB3E88100A5C9C1 /* README.txt */ = {isa = PBXFileReference; fileEncoding = 4; lastKnownFileType = text; path = README.txt; sourceTree = "<group>"; };
		018FCA2B1AB6239800A5C9C1 /* silence.mp3 */ = {isa = PBXFileReference; lastKnownFileType = audio.mp3; path = silence.mp3; sourceTree = "<group>"; };
		01967FE21AAEADB9001BADFF /* topicDetailViewController.swift */ = {isa = PBXFileReference; fileEncoding = 4; lastKnownFileType = sourcecode.swift; path = topicDetailViewController.swift; sourceTree = "<group>"; };
		01C5A0A31AA383FE00243C79 /* MakeColortuneViewController.swift */ = {isa = PBXFileReference; fileEncoding = 4; lastKnownFileType = sourcecode.swift; path = MakeColortuneViewController.swift; sourceTree = "<group>"; };
		01C5A0A51AA3917000243C79 /* Main.storyboard */ = {isa = PBXFileReference; fileEncoding = 4; lastKnownFileType = file.storyboard; path = Main.storyboard; sourceTree = "<group>"; };
		01C5A0A71AA3B35C00243C79 /* ChooseViewController.swift */ = {isa = PBXFileReference; fileEncoding = 4; lastKnownFileType = sourcecode.swift; path = ChooseViewController.swift; sourceTree = "<group>"; };
		01E882B81ABCB9A000AFF599 /* SoundGenerator.swift */ = {isa = PBXFileReference; fileEncoding = 4; lastKnownFileType = sourcecode.swift; path = SoundGenerator.swift; sourceTree = "<group>"; };
/* End PBXFileReference section */

/* Begin PBXFrameworksBuildPhase section */
		0185EF481AA2914100554DC2 /* Frameworks */ = {
			isa = PBXFrameworksBuildPhase;
			buildActionMask = 2147483647;
			files = (
				0171CA9F1AACE71400972B95 /* CoreGraphics.framework in Frameworks */,
			);
			runOnlyForDeploymentPostprocessing = 0;
		};
		0185EF601AA2914100554DC2 /* Frameworks */ = {
			isa = PBXFrameworksBuildPhase;
			buildActionMask = 2147483647;
			files = (
			);
			runOnlyForDeploymentPostprocessing = 0;
		};
/* End PBXFrameworksBuildPhase section */

/* Begin PBXGroup section */
		0185EF421AA2914100554DC2 = {
			isa = PBXGroup;
			children = (
				0171CA9E1AACE71400972B95 /* CoreGraphics.framework */,
				0185EF4D1AA2914100554DC2 /* Colortune */,
				0185EF661AA2914100554DC2 /* ColortuneTests */,
				0185EF4C1AA2914100554DC2 /* Products */,
			);
			sourceTree = "<group>";
		};
		0185EF4C1AA2914100554DC2 /* Products */ = {
			isa = PBXGroup;
			children = (
				0185EF4B1AA2914100554DC2 /* Colortune.app */,
				0185EF631AA2914100554DC2 /* ColortuneTests.xctest */,
			);
			name = Products;
			sourceTree = "<group>";
		};
		0185EF4D1AA2914100554DC2 /* Colortune */ = {
			isa = PBXGroup;
			children = (
				018FCA1E1AB3E88100A5C9C1 /* GeneralUser GS 1.442 MuseScore */,
				018FC9F21AB3C8CA00A5C9C1 /* UIImageExtension.swift */,
				010B34591AA93347006C1785 /* Sound.swift */,
				018FCA1C1AB3E14600A5C9C1 /* green.mp3 */,
				018FCA1A1AB3E13200A5C9C1 /* blueFlute.mp3 */,
				018FCA181AB3E0FF00A5C9C1 /* red.mp3 */,
				0185EF731AA295FE00554DC2 /* Pattern.swift */,
				01967FE21AAEADB9001BADFF /* topicDetailViewController.swift */,
				018FCA2B1AB6239800A5C9C1 /* silence.mp3 */,
				0185EF501AA2914100554DC2 /* AppDelegate.swift */,
				010D45821AA3C8FE00242FC6 /* ListViewController.swift */,
				01C5A0A31AA383FE00243C79 /* MakeColortuneViewController.swift */,
				017FB1B41AA2AFF2009E3B3A /* ZoomViewController.swift */,
				0185EF791AA2A46700554DC2 /* colortuneDetailViewController.swift */,
				0185EF551AA2914100554DC2 /* ColorTuneViewController.swift */,
				01E882B81ABCB9A000AFF599 /* SoundGenerator.swift */,
				01C5A0A71AA3B35C00243C79 /* ChooseViewController.swift */,
				01C5A0A51AA3917000243C79 /* Main.storyboard */,
				0185EF5A1AA2914100554DC2 /* Images.xcassets */,
				0185EF5C1AA2914100554DC2 /* LaunchScreen.xib */,
				0185EF521AA2914100554DC2 /* Colortune.xcdatamodeld */,
				0185EF4E1AA2914100554DC2 /* Supporting Files */,
			);
			path = Colortune;
			sourceTree = "<group>";
		};
		0185EF4E1AA2914100554DC2 /* Supporting Files */ = {
			isa = PBXGroup;
			children = (
				0185EF4F1AA2914100554DC2 /* Info.plist */,
			);
			name = "Supporting Files";
			sourceTree = "<group>";
		};
		0185EF661AA2914100554DC2 /* ColortuneTests */ = {
			isa = PBXGroup;
			children = (
				0185EF691AA2914100554DC2 /* ColortuneTests.swift */,
				0185EF671AA2914100554DC2 /* Supporting Files */,
			);
			path = ColortuneTests;
			sourceTree = "<group>";
		};
		0185EF671AA2914100554DC2 /* Supporting Files */ = {
			isa = PBXGroup;
			children = (
				0185EF681AA2914100554DC2 /* Info.plist */,
			);
			name = "Supporting Files";
			sourceTree = "<group>";
		};
		018FCA1E1AB3E88100A5C9C1 /* GeneralUser GS 1.442 MuseScore */ = {
			isa = PBXGroup;
			children = (
				018FCA1F1AB3E88100A5C9C1 /* CHANGELOG.txt */,
				018FCA201AB3E88100A5C9C1 /* Full Orchestra.mscz */,
				018FCA211AB3E88100A5C9C1 /* GeneralUser GS MuseScore v1.442.sf2 */,
				018FCA221AB3E88100A5C9C1 /* GeneralUser Orchestral Example.mscz */,
				018FCA231AB3E88100A5C9C1 /* LICENSE.txt */,
				018FCA241AB3E88100A5C9C1 /* README.txt */,
			);
			path = "GeneralUser GS 1.442 MuseScore";
			sourceTree = "<group>";
		};
/* End PBXGroup section */

/* Begin PBXNativeTarget section */
		0185EF4A1AA2914100554DC2 /* Colortune */ = {
			isa = PBXNativeTarget;
			buildConfigurationList = 0185EF6D1AA2914100554DC2 /* Build configuration list for PBXNativeTarget "Colortune" */;
			buildPhases = (
				0185EF471AA2914100554DC2 /* Sources */,
				0185EF481AA2914100554DC2 /* Frameworks */,
				0185EF491AA2914100554DC2 /* Resources */,
			);
			buildRules = (
			);
			dependencies = (
			);
			name = Colortune;
			productName = Colortune;
			productReference = 0185EF4B1AA2914100554DC2 /* Colortune.app */;
			productType = "com.apple.product-type.application";
		};
		0185EF621AA2914100554DC2 /* ColortuneTests */ = {
			isa = PBXNativeTarget;
			buildConfigurationList = 0185EF701AA2914100554DC2 /* Build configuration list for PBXNativeTarget "ColortuneTests" */;
			buildPhases = (
				0185EF5F1AA2914100554DC2 /* Sources */,
				0185EF601AA2914100554DC2 /* Frameworks */,
				0185EF611AA2914100554DC2 /* Resources */,
			);
			buildRules = (
			);
			dependencies = (
				0185EF651AA2914100554DC2 /* PBXTargetDependency */,
			);
			name = ColortuneTests;
			productName = ColortuneTests;
			productReference = 0185EF631AA2914100554DC2 /* ColortuneTests.xctest */;
			productType = "com.apple.product-type.bundle.unit-test";
		};
/* End PBXNativeTarget section */

/* Begin PBXProject section */
		0185EF431AA2914100554DC2 /* Project object */ = {
			isa = PBXProject;
			attributes = {
				LastUpgradeCheck = 0610;
				ORGANIZATIONNAME = "Anna Torlen";
				TargetAttributes = {
					0185EF4A1AA2914100554DC2 = {
						CreatedOnToolsVersion = 6.1.1;
					};
					0185EF621AA2914100554DC2 = {
						CreatedOnToolsVersion = 6.1.1;
						TestTargetID = 0185EF4A1AA2914100554DC2;
					};
				};
			};
			buildConfigurationList = 0185EF461AA2914100554DC2 /* Build configuration list for PBXProject "Colortune" */;
			compatibilityVersion = "Xcode 3.2";
			developmentRegion = English;
			hasScannedForEncodings = 0;
			knownRegions = (
				en,
				Base,
			);
			mainGroup = 0185EF421AA2914100554DC2;
			productRefGroup = 0185EF4C1AA2914100554DC2 /* Products */;
			projectDirPath = "";
			projectRoot = "";
			targets = (
				0185EF4A1AA2914100554DC2 /* Colortune */,
				0185EF621AA2914100554DC2 /* ColortuneTests */,
			);
		};
/* End PBXProject section */

/* Begin PBXResourcesBuildPhase section */
		0185EF491AA2914100554DC2 /* Resources */ = {
			isa = PBXResourcesBuildPhase;
			buildActionMask = 2147483647;
			files = (
				018FCA291AB3E88100A5C9C1 /* LICENSE.txt in Resources */,
				018FCA1D1AB3E14600A5C9C1 /* green.mp3 in Resources */,
				018FCA251AB3E88100A5C9C1 /* CHANGELOG.txt in Resources */,
				0185EF5E1AA2914100554DC2 /* LaunchScreen.xib in Resources */,
				018FCA271AB3E88100A5C9C1 /* GeneralUser GS MuseScore v1.442.sf2 in Resources */,
				018FCA2C1AB6239800A5C9C1 /* silence.mp3 in Resources */,
				0185EF5B1AA2914100554DC2 /* Images.xcassets in Resources */,
				018FCA261AB3E88100A5C9C1 /* Full Orchestra.mscz in Resources */,
				018FCA1B1AB3E13200A5C9C1 /* blueFlute.mp3 in Resources */,
				018FCA191AB3E0FF00A5C9C1 /* red.mp3 in Resources */,
				018FCA281AB3E88100A5C9C1 /* GeneralUser Orchestral Example.mscz in Resources */,
				018FCA2A1AB3E88100A5C9C1 /* README.txt in Resources */,
				01C5A0A61AA3917000243C79 /* Main.storyboard in Resources */,
			);
			runOnlyForDeploymentPostprocessing = 0;
		};
		0185EF611AA2914100554DC2 /* Resources */ = {
			isa = PBXResourcesBuildPhase;
			buildActionMask = 2147483647;
			files = (
			);
			runOnlyForDeploymentPostprocessing = 0;
		};
/* End PBXResourcesBuildPhase section */

/* Begin PBXSourcesBuildPhase section */
		0185EF471AA2914100554DC2 /* Sources */ = {
			isa = PBXSourcesBuildPhase;
			buildActionMask = 2147483647;
			files = (
				0185EF561AA2914100554DC2 /* ColorTuneViewController.swift in Sources */,
				010B345A1AA93347006C1785 /* Sound.swift in Sources */,
				017FB1B51AA2AFF2009E3B3A /* ZoomViewController.swift in Sources */,
				01C5A0A41AA383FE00243C79 /* MakeColortuneViewController.swift in Sources */,
				0185EF7A1AA2A46700554DC2 /* colortuneDetailViewController.swift in Sources */,
				0185EF511AA2914100554DC2 /* AppDelegate.swift in Sources */,
				01C5A0A81AA3B35C00243C79 /* ChooseViewController.swift in Sources */,
				01967FE31AAEADBA001BADFF /* topicDetailViewController.swift in Sources */,
				0185EF741AA295FE00554DC2 /* Pattern.swift in Sources */,
				018FC9F31AB3C8CA00A5C9C1 /* UIImageExtension.swift in Sources */,
				01E882B91ABCB9A000AFF599 /* SoundGenerator.swift in Sources */,
				010D45831AA3C8FE00242FC6 /* ListViewController.swift in Sources */,
				0185EF541AA2914100554DC2 /* Colortune.xcdatamodeld in Sources */,
			);
			runOnlyForDeploymentPostprocessing = 0;
		};
		0185EF5F1AA2914100554DC2 /* Sources */ = {
			isa = PBXSourcesBuildPhase;
			buildActionMask = 2147483647;
			files = (
				0185EF6A1AA2914100554DC2 /* ColortuneTests.swift in Sources */,
			);
			runOnlyForDeploymentPostprocessing = 0;
		};
/* End PBXSourcesBuildPhase section */

/* Begin PBXTargetDependency section */
		0185EF651AA2914100554DC2 /* PBXTargetDependency */ = {
			isa = PBXTargetDependency;
			target = 0185EF4A1AA2914100554DC2 /* Colortune */;
			targetProxy = 0185EF641AA2914100554DC2 /* PBXContainerItemProxy */;
		};
/* End PBXTargetDependency section */

/* Begin PBXVariantGroup section */
		0185EF5C1AA2914100554DC2 /* LaunchScreen.xib */ = {
			isa = PBXVariantGroup;
			children = (
				0185EF5D1AA2914100554DC2 /* Base */,
			);
			name = LaunchScreen.xib;
			sourceTree = "<group>";
		};
/* End PBXVariantGroup section */

/* Begin XCBuildConfiguration section */
		0185EF6B1AA2914100554DC2 /* Debug */ = {
			isa = XCBuildConfiguration;
			buildSettings = {
				ALWAYS_SEARCH_USER_PATHS = NO;
				CLANG_CXX_LANGUAGE_STANDARD = "gnu++0x";
				CLANG_CXX_LIBRARY = "libc++";
				CLANG_ENABLE_MODULES = YES;
				CLANG_ENABLE_OBJC_ARC = YES;
				CLANG_WARN_BOOL_CONVERSION = YES;
				CLANG_WARN_CONSTANT_CONVERSION = YES;
				CLANG_WARN_DIRECT_OBJC_ISA_USAGE = YES_ERROR;
				CLANG_WARN_EMPTY_BODY = YES;
				CLANG_WARN_ENUM_CONVERSION = YES;
				CLANG_WARN_INT_CONVERSION = YES;
				CLANG_WARN_OBJC_ROOT_CLASS = YES_ERROR;
				CLANG_WARN_UNREACHABLE_CODE = YES;
				CLANG_WARN__DUPLICATE_METHOD_MATCH = YES;
				"CODE_SIGN_IDENTITY[sdk=iphoneos*]" = "iPhone Developer";
				COPY_PHASE_STRIP = NO;
				ENABLE_STRICT_OBJC_MSGSEND = YES;
				GCC_C_LANGUAGE_STANDARD = gnu99;
				GCC_DYNAMIC_NO_PIC = NO;
				GCC_OPTIMIZATION_LEVEL = 0;
				GCC_PREPROCESSOR_DEFINITIONS = (
					"DEBUG=1",
					"$(inherited)",
				);
				GCC_SYMBOLS_PRIVATE_EXTERN = NO;
				GCC_WARN_64_TO_32_BIT_CONVERSION = YES;
				GCC_WARN_ABOUT_RETURN_TYPE = YES_ERROR;
				GCC_WARN_UNDECLARED_SELECTOR = YES;
				GCC_WARN_UNINITIALIZED_AUTOS = YES_AGGRESSIVE;
				GCC_WARN_UNUSED_FUNCTION = YES;
				GCC_WARN_UNUSED_VARIABLE = YES;
				IPHONEOS_DEPLOYMENT_TARGET = 8.1;
				MTL_ENABLE_DEBUG_INFO = YES;
				ONLY_ACTIVE_ARCH = YES;
				SDKROOT = iphoneos;
				SWIFT_OPTIMIZATION_LEVEL = "-Onone";
				TARGETED_DEVICE_FAMILY = "1,2";
			};
			name = Debug;
		};
		0185EF6C1AA2914100554DC2 /* Release */ = {
			isa = XCBuildConfiguration;
			buildSettings = {
				ALWAYS_SEARCH_USER_PATHS = NO;
				CLANG_CXX_LANGUAGE_STANDARD = "gnu++0x";
				CLANG_CXX_LIBRARY = "libc++";
				CLANG_ENABLE_MODULES = YES;
				CLANG_ENABLE_OBJC_ARC = YES;
				CLANG_WARN_BOOL_CONVERSION = YES;
				CLANG_WARN_CONSTANT_CONVERSION = YES;
				CLANG_WARN_DIRECT_OBJC_ISA_USAGE = YES_ERROR;
				CLANG_WARN_EMPTY_BODY = YES;
				CLANG_WARN_ENUM_CONVERSION = YES;
				CLANG_WARN_INT_CONVERSION = YES;
				CLANG_WARN_OBJC_ROOT_CLASS = YES_ERROR;
				CLANG_WARN_UNREACHABLE_CODE = YES;
				CLANG_WARN__DUPLICATE_METHOD_MATCH = YES;
				"CODE_SIGN_IDENTITY[sdk=iphoneos*]" = "iPhone Developer";
				COPY_PHASE_STRIP = YES;
				ENABLE_NS_ASSERTIONS = NO;
				ENABLE_STRICT_OBJC_MSGSEND = YES;
				GCC_C_LANGUAGE_STANDARD = gnu99;
				GCC_WARN_64_TO_32_BIT_CONVERSION = YES;
				GCC_WARN_ABOUT_RETURN_TYPE = YES_ERROR;
				GCC_WARN_UNDECLARED_SELECTOR = YES;
				GCC_WARN_UNINITIALIZED_AUTOS = YES_AGGRESSIVE;
				GCC_WARN_UNUSED_FUNCTION = YES;
				GCC_WARN_UNUSED_VARIABLE = YES;
				IPHONEOS_DEPLOYMENT_TARGET = 8.1;
				MTL_ENABLE_DEBUG_INFO = NO;
				SDKROOT = iphoneos;
				TARGETED_DEVICE_FAMILY = "1,2";
				VALIDATE_PRODUCT = YES;
			};
			name = Release;
		};
		0185EF6E1AA2914100554DC2 /* Debug */ = {
			isa = XCBuildConfiguration;
			buildSettings = {
				ASSETCATALOG_COMPILER_APPICON_NAME = AppIcon;
				INFOPLIST_FILE = Colortune/Info.plist;
				LD_RUNPATH_SEARCH_PATHS = "$(inherited) @executable_path/Frameworks";
				PRODUCT_NAME = "$(TARGET_NAME)";
			};
			name = Debug;
		};
		0185EF6F1AA2914100554DC2 /* Release */ = {
			isa = XCBuildConfiguration;
			buildSettings = {
				ASSETCATALOG_COMPILER_APPICON_NAME = AppIcon;
				INFOPLIST_FILE = Colortune/Info.plist;
				LD_RUNPATH_SEARCH_PATHS = "$(inherited) @executable_path/Frameworks";
				PRODUCT_NAME = "$(TARGET_NAME)";
			};
			name = Release;
		};
		0185EF711AA2914100554DC2 /* Debug */ = {
			isa = XCBuildConfiguration;
			buildSettings = {
				BUNDLE_LOADER = "$(TEST_HOST)";
				FRAMEWORK_SEARCH_PATHS = (
					"$(SDKROOT)/Developer/Library/Frameworks",
					"$(inherited)",
				);
				GCC_PREPROCESSOR_DEFINITIONS = (
					"DEBUG=1",
					"$(inherited)",
				);
				INFOPLIST_FILE = ColortuneTests/Info.plist;
				LD_RUNPATH_SEARCH_PATHS = "$(inherited) @executable_path/Frameworks @loader_path/Frameworks";
				PRODUCT_NAME = "$(TARGET_NAME)";
				TEST_HOST = "$(BUILT_PRODUCTS_DIR)/Colortune.app/Colortune";
			};
			name = Debug;
		};
		0185EF721AA2914100554DC2 /* Release */ = {
			isa = XCBuildConfiguration;
			buildSettings = {
				BUNDLE_LOADER = "$(TEST_HOST)";
				FRAMEWORK_SEARCH_PATHS = (
					"$(SDKROOT)/Developer/Library/Frameworks",
					"$(inherited)",
				);
				INFOPLIST_FILE = ColortuneTests/Info.plist;
				LD_RUNPATH_SEARCH_PATHS = "$(inherited) @executable_path/Frameworks @loader_path/Frameworks";
				PRODUCT_NAME = "$(TARGET_NAME)";
				TEST_HOST = "$(BUILT_PRODUCTS_DIR)/Colortune.app/Colortune";
			};
			name = Release;
		};
/* End XCBuildConfiguration section */

/* Begin XCConfigurationList section */
		0185EF461AA2914100554DC2 /* Build configuration list for PBXProject "Colortune" */ = {
			isa = XCConfigurationList;
			buildConfigurations = (
				0185EF6B1AA2914100554DC2 /* Debug */,
				0185EF6C1AA2914100554DC2 /* Release */,
			);
			defaultConfigurationIsVisible = 0;
			defaultConfigurationName = Release;
		};
		0185EF6D1AA2914100554DC2 /* Build configuration list for PBXNativeTarget "Colortune" */ = {
			isa = XCConfigurationList;
			buildConfigurations = (
				0185EF6E1AA2914100554DC2 /* Debug */,
				0185EF6F1AA2914100554DC2 /* Release */,
			);
			defaultConfigurationIsVisible = 0;
			defaultConfigurationName = Release;
		};
		0185EF701AA2914100554DC2 /* Build configuration list for PBXNativeTarget "ColortuneTests" */ = {
			isa = XCConfigurationList;
			buildConfigurations = (
				0185EF711AA2914100554DC2 /* Debug */,
				0185EF721AA2914100554DC2 /* Release */,
			);
			defaultConfigurationIsVisible = 0;
			defaultConfigurationName = Release;
		};
/* End XCConfigurationList section */

/* Begin XCVersionGroup section */
		0185EF521AA2914100554DC2 /* Colortune.xcdatamodeld */ = {
			isa = XCVersionGroup;
			children = (
				0185EF531AA2914100554DC2 /* Colortune.xcdatamodel */,
			);
			currentVersion = 0185EF531AA2914100554DC2 /* Colortune.xcdatamodel */;
			path = Colortune.xcdatamodeld;
			sourceTree = "<group>";
			versionGroupType = wrapper.xcdatamodel;
		};
/* End XCVersionGroup section */
	};
	rootObject = 0185EF431AA2914100554DC2 /* Project object */;
}
